
Microsoft Visual Studio Solution File, Format Version 12.00
# Visual Studio Version 17
VisualStudioVersion = 17.8.34330.188
MinimumVisualStudioVersion = 10.0.40219.1
Project("{9A19103F-16F7-4668-BE54-9A1E7A4F7556}") = "CursachProject", "CursachProject\CursachProject.csproj", "{B506858E-F319-49A8-ACD6-D5898B16DBF0}"
EndProject
Global
	GlobalSection(SolutionConfigurationPlatforms) = preSolution
		Debug|Any CPU = Debug|Any CPU
		Release|Any CPU = Release|Any CPU
	EndGlobalSection
	GlobalSection(ProjectConfigurationPlatforms) = postSolution
		{B506858E-F319-49A8-ACD6-D5898B16DBF0}.Debug|Any CPU.ActiveCfg = Debug|Any CPU
		{B506858E-F319-49A8-ACD6-D5898B16DBF0}.Debug|Any CPU.Build.0 = Debug|Any CPU
		{B506858E-F319-49A8-ACD6-D5898B16DBF0}.Release|Any CPU.ActiveCfg = Release|Any CPU
		{B506858E-F319-49A8-ACD6-D5898B16DBF0}.Release|Any CPU.Build.0 = Release|Any CPU
	EndGlobalSection
	GlobalSection(SolutionProperties) = preSolution
		HideSolutionNode = FALSE
	EndGlobalSection
	GlobalSection(ExtensibilityGlobals) = postSolution
		SolutionGuid = {3C0851F4-E52D-4B1F-9F1D-CB3B058DFDC9}
	EndGlobalSection
EndGlobal
